{
  "name": "health-portal-backend",
  "lockfileVersion": 3,
  "requires": true,
  "packages": {
    "": {
      "dependencies": {
        "jbuilder": "^0.0.5"
      }
    },
    "node_modules/jbuilder": {
      "version": "0.0.5",
      "resolved": "https://registry.npmjs.org/jbuilder/-/jbuilder-0.0.5.tgz",
      "integrity": "sha512-4NAiTaJY27qC4f8NS+rSU1L2EGgbivYhavei65N03xshHGwUT4oIL6k0RTHZNPOZf0REw7t+hOoCh4ZOcDrFZg==",
      "engines": {
        "node": ">= 0.8.0"
      }
    }
  }
}
